// !$*UTF8*$!
{
	archiveVersion = 1;
	classes = {
	};
	objectVersion = 77;
	objects = {

/* Begin PBXBuildFile section */
		3C8BAAFD2E3BE15900E04186 /* WidgetKit.framework in Frameworks */ = {isa = PBXBuildFile; fileRef = 3C8BAAFC2E3BE15900E04186 /* WidgetKit.framework */; };
		3C8BAB102E3BE15900E04186 /* WalletLensWidgetExtension.appex in Embed Foundation Extensions */ = {isa = PBXBuildFile; fileRef = 3C8BAAFA2E3BE15900E04186 /* WalletLensWidgetExtension.appex */; settings = {ATTRIBUTES = (RemoveHeadersOnCopy, ); }; };
		3C8BAB162E3BEADF00E04186 /* SwiftUI.framework in Frameworks */ = {isa = PBXBuildFile; fileRef = 3C8BAAFE2E3BE15900E04186 /* SwiftUI.framework */; };
/* End PBXBuildFile section */

/* Begin PBXContainerItemProxy section */
		3C2233D12E31D57A00F829E6 /* PBXContainerItemProxy */ = {
			isa = PBXContainerItemProxy;
			containerPortal = 3C2233BB2E31D57800F829E6 /* Project object */;
			proxyType = 1;
			remoteGlobalIDString = 3C2233C22E31D57800F829E6;
			remoteInfo = "WalletLens-IOS";
		};
		3C2233DB2E31D57A00F829E6 /* PBXContainerItemProxy */ = {
			isa = PBXContainerItemProxy;
			containerPortal = 3C2233BB2E31D57800F829E6 /* Project object */;
			proxyType = 1;
			remoteGlobalIDString = 3C2233C22E31D57800F829E6;
			remoteInfo = "WalletLens-IOS";
		};
		3C8BAB0E2E3BE15900E04186 /* PBXContainerItemProxy */ = {
			isa = PBXContainerItemProxy;
			containerPortal = 3C2233BB2E31D57800F829E6 /* Project object */;
			proxyType = 1;
			remoteGlobalIDString = 3C8BAAF92E3BE15900E04186;
			remoteInfo = WalletLensWidgetExtension;
		};
/* End PBXContainerItemProxy section */

/* Begin PBXCopyFilesBuildPhase section */
		3C8BAB112E3BE15900E04186 /* Embed Foundation Extensions */ = {
			isa = PBXCopyFilesBuildPhase;
			buildActionMask = 2147483647;
			dstPath = "";
			dstSubfolderSpec = 13;
			files = (
				3C8BAB102E3BE15900E04186 /* WalletLensWidgetExtension.appex in Embed Foundation Extensions */,
			);
			name = "Embed Foundation Extensions";
			runOnlyForDeploymentPostprocessing = 0;
		};
/* End PBXCopyFilesBuildPhase section */

/* Begin PBXFileReference section */
		3C2233C32E31D57800F829E6 /* WalletLens-IOS.app */ = {isa = PBXFileReference; explicitFileType = wrapper.application; includeInIndex = 0; path = "WalletLens-IOS.app"; sourceTree = BUILT_PRODUCTS_DIR; };
		3C2233D02E31D57A00F829E6 /* WalletLens-IOSTests.xctest */ = {isa = PBXFileReference; explicitFileType = wrapper.cfbundle; includeInIndex = 0; path = "WalletLens-IOSTests.xctest"; sourceTree = BUILT_PRODUCTS_DIR; };
		3C2233DA2E31D57A00F829E6 /* WalletLens-IOSUITests.xctest */ = {isa = PBXFileReference; explicitFileType = wrapper.cfbundle; includeInIndex = 0; path = "WalletLens-IOSUITests.xctest"; sourceTree = BUILT_PRODUCTS_DIR; };
		3C8BAAFA2E3BE15900E04186 /* WalletLensWidgetExtension.appex */ = {isa = PBXFileReference; explicitFileType = "wrapper.app-extension"; includeInIndex = 0; path = WalletLensWidgetExtension.appex; sourceTree = BUILT_PRODUCTS_DIR; };
		3C8BAAFC2E3BE15900E04186 /* WidgetKit.framework */ = {isa = PBXFileReference; lastKnownFileType = wrapper.framework; name = WidgetKit.framework; path = System/Library/Frameworks/WidgetKit.framework; sourceTree = SDKROOT; };
		3C8BAAFE2E3BE15900E04186 /* SwiftUI.framework */ = {isa = PBXFileReference; lastKnownFileType = wrapper.framework; name = SwiftUI.framework; path = System/Library/Frameworks/SwiftUI.framework; sourceTree = SDKROOT; };
/* End PBXFileReference section */

/* Begin PBXFileSystemSynchronizedBuildFileExceptionSet section */
		3C8BAB142E3BE15900E04186 /* Exceptions for "WalletLensWidget" folder in "WalletLensWidgetExtension" target */ = {
			isa = PBXFileSystemSynchronizedBuildFileExceptionSet;
			membershipExceptions = (
				Info.plist,
			);
			target = 3C8BAAF92E3BE15900E04186 /* WalletLensWidgetExtension */;
		};
/* End PBXFileSystemSynchronizedBuildFileExceptionSet section */

/* Begin PBXFileSystemSynchronizedRootGroup section */
		3C2233C52E31D57800F829E6 /* WalletLens-IOS */ = {
			isa = PBXFileSystemSynchronizedRootGroup;
			path = "WalletLens-IOS";
			sourceTree = "<group>";
		};
		3C8BAB002E3BE15900E04186 /* WalletLensWidget */ = {
			isa = PBXFileSystemSynchronizedRootGroup;
			exceptions = (
				3C8BAB142E3BE15900E04186 /* Exceptions for "WalletLensWidget" folder in "WalletLensWidgetExtension" target */,
			);
			path = WalletLensWidget;
			sourceTree = "<group>";
		};
/* End PBXFileSystemSynchronizedRootGroup section */

/* Begin PBXFrameworksBuildPhase section */
		3C2233C02E31D57800F829E6 /* Frameworks */ = {
			isa = PBXFrameworksBuildPhase;
			buildActionMask = 2147483647;
			files = (
			);
			runOnlyForDeploymentPostprocessing = 0;
		};
		3C2233CD2E31D57A00F829E6 /* Frameworks */ = {
			isa = PBXFrameworksBuildPhase;
			buildActionMask = 2147483647;
			files = (
			);
			runOnlyForDeploymentPostprocessing = 0;
		};
		3C2233D72E31D57A00F829E6 /* Frameworks */ = {
			isa = PBXFrameworksBuildPhase;
			buildActionMask = 2147483647;
			files = (
			);
			runOnlyForDeploymentPostprocessing = 0;
		};
		3C8BAAF72E3BE15900E04186 /* Frameworks */ = {
			isa = PBXFrameworksBuildPhase;
			buildActionMask = 2147483647;
			files = (
				3C8BAB162E3BEADF00E04186 /* SwiftUI.framework in Frameworks */,
				3C8BAAFD2E3BE15900E04186 /* WidgetKit.framework in Frameworks */,
			);
			runOnlyForDeploymentPostprocessing = 0;
		};
/* End PBXFrameworksBuildPhase section */

/* Begin PBXGroup section */
		3C2233BA2E31D57800F829E6 = {
			isa = PBXGroup;
			children = (
				3C2233C52E31D57800F829E6 /* WalletLens-IOS */,
				3C8BAB002E3BE15900E04186 /* WalletLensWidget */,
				3C8BAAFB2E3BE15900E04186 /* Frameworks */,
				3C2233C42E31D57800F829E6 /* Products */,
			);
			sourceTree = "<group>";
		};
		3C2233C42E31D57800F829E6 /* Products */ = {
			isa = PBXGroup;
			children = (
				3C2233C32E31D57800F829E6 /* WalletLens-IOS.app */,
				3C2233D02E31D57A00F829E6 /* WalletLens-IOSTests.xctest */,
				3C2233DA2E31D57A00F829E6 /* WalletLens-IOSUITests.xctest */,
				3C8BAAFA2E3BE15900E04186 /* WalletLensWidgetExtension.appex */,
			);
			name = Products;
			sourceTree = "<group>";
		};
		3C8BAAFB2E3BE15900E04186 /* Frameworks */ = {
			isa = PBXGroup;
			children = (
				3C8BAAFC2E3BE15900E04186 /* WidgetKit.framework */,
				3C8BAAFE2E3BE15900E04186 /* SwiftUI.framework */,
			);
			name = Frameworks;
			sourceTree = "<group>";
		};
/* End PBXGroup section */

/* Begin PBXNativeTarget section */
		3C2233C22E31D57800F829E6 /* WalletLens-IOS */ = {
			isa = PBXNativeTarget;
			buildConfigurationList = 3C2233E42E31D57A00F829E6 /* Build configuration list for PBXNativeTarget "WalletLens-IOS" */;
			buildPhases = (
				3C2233BF2E31D57800F829E6 /* Sources */,
				3C2233C02E31D57800F829E6 /* Frameworks */,
				3C2233C12E31D57800F829E6 /* Resources */,
				3C8BAB112E3BE15900E04186 /* Embed Foundation Extensions */,
			);
			buildRules = (
			);
			dependencies = (
				3C8BAB0F2E3BE15900E04186 /* PBXTargetDependency */,
			);
			fileSystemSynchronizedGroups = (
				3C2233C52E31D57800F829E6 /* WalletLens-IOS */,
			);
			name = "WalletLens-IOS";
			packageProductDependencies = (
			);
			productName = "WalletLens-IOS";
			productReference = 3C2233C32E31D57800F829E6 /* WalletLens-IOS.app */;
			productType = "com.apple.product-type.application";
		};
		3C2233CF2E31D57A00F829E6 /* WalletLens-IOSTests */ = {
			isa = PBXNativeTarget;
			buildConfigurationList = 3C2233E72E31D57A00F829E6 /* Build configuration list for PBXNativeTarget "WalletLens-IOSTests" */;
			buildPhases = (
				3C2233CC2E31D57A00F829E6 /* Sources */,
				3C2233CD2E31D57A00F829E6 /* Frameworks */,
				3C2233CE2E31D57A00F829E6 /* Resources */,
			);
			buildRules = (
			);
			dependencies = (
				3C2233D22E31D57A00F829E6 /* PBXTargetDependency */,
			);
			name = "WalletLens-IOSTests";
			packageProductDependencies = (
			);
			productName = "WalletLens-IOSTests";
			productReference = 3C2233D02E31D57A00F829E6 /* WalletLens-IOSTests.xctest */;
			productType = "com.apple.product-type.bundle.unit-test";
		};
		3C2233D92E31D57A00F829E6 /* WalletLens-IOSUITests */ = {
			isa = PBXNativeTarget;
			buildConfigurationList = 3C2233EA2E31D57A00F829E6 /* Build configuration list for PBXNativeTarget "WalletLens-IOSUITests" */;
			buildPhases = (
				3C2233D62E31D57A00F829E6 /* Sources */,
				3C2233D72E31D57A00F829E6 /* Frameworks */,
				3C2233D82E31D57A00F829E6 /* Resources */,
			);
			buildRules = (
			);
			dependencies = (
				3C2233DC2E31D57A00F829E6 /* PBXTargetDependency */,
			);
			name = "WalletLens-IOSUITests";
			packageProductDependencies = (
			);
			productName = "WalletLens-IOSUITests";
			productReference = 3C2233DA2E31D57A00F829E6 /* WalletLens-IOSUITests.xctest */;
			productType = "com.apple.product-type.bundle.ui-testing";
		};
		3C8BAAF92E3BE15900E04186 /* WalletLensWidgetExtension */ = {
			isa = PBXNativeTarget;
			buildConfigurationList = 3C8BAB152E3BE15900E04186 /* Build configuration list for PBXNativeTarget "WalletLensWidgetExtension" */;
			buildPhases = (
				3C8BAAF62E3BE15900E04186 /* Sources */,
				3C8BAAF72E3BE15900E04186 /* Frameworks */,
				3C8BAAF82E3BE15900E04186 /* Resources */,
			);
			buildRules = (
			);
			dependencies = (
			);
			fileSystemSynchronizedGroups = (
				3C8BAB002E3BE15900E04186 /* WalletLensWidget */,
			);
			name = WalletLensWidgetExtension;
			packageProductDependencies = (
			);
			productName = WalletLensWidgetExtension;
			productReference = 3C8BAAFA2E3BE15900E04186 /* WalletLensWidgetExtension.appex */;
			productType = "com.apple.product-type.app-extension";
		};
/* End PBXNativeTarget section */

/* Begin PBXProject section */
		3C2233BB2E31D57800F829E6 /* Project object */ = {
			isa = PBXProject;
			attributes = {
				BuildIndependentTargetsInParallel = 1;
				LastSwiftUpdateCheck = 1630;
				LastUpgradeCheck = 1630;
				TargetAttributes = {
					3C2233C22E31D57800F829E6 = {
						CreatedOnToolsVersion = 16.3;
					};
					3C2233CF2E31D57A00F829E6 = {
						CreatedOnToolsVersion = 16.3;
						TestTargetID = 3C2233C22E31D57800F829E6;
					};
					3C2233D92E31D57A00F829E6 = {
						CreatedOnToolsVersion = 16.3;
						TestTargetID = 3C2233C22E31D57800F829E6;
					};
					3C8BAAF92E3BE15900E04186 = {
						CreatedOnToolsVersion = 16.3;
					};
				};
			};
			buildConfigurationList = 3C2233BE2E31D57800F829E6 /* Build configuration list for PBXProject "WalletLens-IOS" */;
			developmentRegion = en;
			hasScannedForEncodings = 0;
			knownRegions = (
				en,
				Base,
			);
			mainGroup = 3C2233BA2E31D57800F829E6;
			minimizedProjectReferenceProxies = 1;
			preferredProjectObjectVersion = 77;
			productRefGroup = 3C2233C42E31D57800F829E6 /* Products */;
			projectDirPath = "";
			projectRoot = "";
			targets = (
				3C2233C22E31D57800F829E6 /* WalletLens-IOS */,
				3C2233CF2E31D57A00F829E6 /* WalletLens-IOSTests */,
				3C2233D92E31D57A00F829E6 /* WalletLens-IOSUITests */,
				3C8BAAF92E3BE15900E04186 /* WalletLensWidgetExtension */,
			);
		};
/* End PBXProject section */

/* Begin PBXResourcesBuildPhase section */
		3C2233C12E31D57800F829E6 /* Resources */ = {
			isa = PBXResourcesBuildPhase;
			buildActionMask = 2147483647;
			files = (
			);
			runOnlyForDeploymentPostprocessing = 0;
		};
		3C2233CE2E31D57A00F829E6 /* Resources */ = {
			isa = PBXResourcesBuildPhase;
			buildActionMask = 2147483647;
			files = (
			);
			runOnlyForDeploymentPostprocessing = 0;
		};
		3C2233D82E31D57A00F829E6 /* Resources */ = {
			isa = PBXResourcesBuildPhase;
			buildActionMask = 2147483647;
			files = (
			);
			runOnlyForDeploymentPostprocessing = 0;
		};
		3C8BAAF82E3BE15900E04186 /* Resources */ = {
			isa = PBXResourcesBuildPhase;
			buildActionMask = 2147483647;
			files = (
			);
			runOnlyForDeploymentPostprocessing = 0;
		};
/* End PBXResourcesBuildPhase section */

/* Begin PBXSourcesBuildPhase section */
		3C2233BF2E31D57800F829E6 /* Sources */ = {
			isa = PBXSourcesBuildPhase;
			buildActionMask = 2147483647;
			files = (
			);
			runOnlyForDeploymentPostprocessing = 0;
		};
		3C2233CC2E31D57A00F829E6 /* Sources */ = {
			isa = PBXSourcesBuildPhase;
			buildActionMask = 2147483647;
			files = (
			);
			runOnlyForDeploymentPostprocessing = 0;
		};
		3C2233D62E31D57A00F829E6 /* Sources */ = {
			isa = PBXSourcesBuildPhase;
			buildActionMask = 2147483647;
			files = (
			);
			runOnlyForDeploymentPostprocessing = 0;
		};
		3C8BAAF62E3BE15900E04186 /* Sources */ = {
			isa = PBXSourcesBuildPhase;
			buildActionMask = 2147483647;
			files = (
			);
			runOnlyForDeploymentPostprocessing = 0;
		};
/* End PBXSourcesBuildPhase section */

/* Begin PBXTargetDependency section */
		3C2233D22E31D57A00F829E6 /* PBXTargetDependency */ = {
			isa = PBXTargetDependency;
			target = 3C2233C22E31D57800F829E6 /* WalletLens-IOS */;
			targetProxy = 3C2233D12E31D57A00F829E6 /* PBXContainerItemProxy */;
		};
		3C2233DC2E31D57A00F829E6 /* PBXTargetDependency */ = {
			isa = PBXTargetDependency;
			target = 3C2233C22E31D57800F829E6 /* WalletLens-IOS */;
			targetProxy = 3C2233DB2E31D57A00F829E6 /* PBXContainerItemProxy */;
		};
		3C8BAB0F2E3BE15900E04186 /* PBXTargetDependency */ = {
			isa = PBXTargetDependency;
			target = 3C8BAAF92E3BE15900E04186 /* WalletLensWidgetExtension */;
			targetProxy = 3C8BAB0E2E3BE15900E04186 /* PBXContainerItemProxy */;
		};
/* End PBXTargetDependency section */

/* Begin XCBuildConfiguration section */
		3C2233E22E31D57A00F829E6 /* Debug */ = {
			isa = XCBuildConfiguration;
			buildSettings = {
				ALWAYS_SEARCH_USER_PATHS = NO;
				ASSETCATALOG_COMPILER_GENERATE_SWIFT_ASSET_SYMBOL_EXTENSIONS = YES;
				CLANG_ANALYZER_NONNULL = YES;
				CLANG_ANALYZER_NUMBER_OBJECT_CONVERSION = YES_AGGRESSIVE;
				CLANG_CXX_LANGUAGE_STANDARD = "gnu++20";
				CLANG_ENABLE_MODULES = YES;
				CLANG_ENABLE_OBJC_ARC = YES;
				CLANG_ENABLE_OBJC_WEAK = YES;
				CLANG_WARN_BLOCK_CAPTURE_AUTORELEASING = YES;
				CLANG_WARN_BOOL_CONVERSION = YES;
				CLANG_WARN_COMMA = YES;
				CLANG_WARN_CONSTANT_CONVERSION = YES;
				CLANG_WARN_DEPRECATED_OBJC_IMPLEMENTATIONS = YES;
				CLANG_WARN_DIRECT_OBJC_ISA_USAGE = YES_ERROR;
				CLANG_WARN_DOCUMENTATION_COMMENTS = YES;
				CLANG_WARN_EMPTY_BODY = YES;
				CLANG_WARN_ENUM_CONVERSION = YES;
				CLANG_WARN_INFINITE_RECURSION = YES;
				CLANG_WARN_INT_CONVERSION = YES;
				CLANG_WARN_NON_LITERAL_NULL_CONVERSION = YES;
				CLANG_WARN_OBJC_IMPLICIT_RETAIN_SELF = YES;
				CLANG_WARN_OBJC_LITERAL_CONVERSION = YES;
				CLANG_WARN_OBJC_ROOT_CLASS = YES_ERROR;
				CLANG_WARN_QUOTED_INCLUDE_IN_FRAMEWORK_HEADER = YES;
				CLANG_WARN_RANGE_LOOP_ANALYSIS = YES;
				CLANG_WARN_STRICT_PROTOTYPES = YES;
				CLANG_WARN_SUSPICIOUS_MOVE = YES;
				CLANG_WARN_UNGUARDED_AVAILABILITY = YES_AGGRESSIVE;
				CLANG_WARN_UNREACHABLE_CODE = YES;
				CLANG_WARN__DUPLICATE_METHOD_MATCH = YES;
				COPY_PHASE_STRIP = NO;
				DEBUG_INFORMATION_FORMAT = dwarf;
				ENABLE_STRICT_OBJC_MSGSEND = YES;
				ENABLE_TESTABILITY = YES;
				ENABLE_USER_SCRIPT_SANDBOXING = YES;
				GCC_C_LANGUAGE_STANDARD = gnu17;
				GCC_DYNAMIC_NO_PIC = NO;
				GCC_NO_COMMON_BLOCKS = YES;
				GCC_OPTIMIZATION_LEVEL = 0;
				GCC_PREPROCESSOR_DEFINITIONS = (
					"DEBUG=1",
					"$(inherited)",
				);
				GCC_WARN_64_TO_32_BIT_CONVERSION = YES;
				GCC_WARN_ABOUT_RETURN_TYPE = YES_ERROR;
				GCC_WARN_UNDECLARED_SELECTOR = YES;
				GCC_WARN_UNINITIALIZED_AUTOS = YES_AGGRESSIVE;
				GCC_WARN_UNUSED_FUNCTION = YES;
				GCC_WARN_UNUSED_VARIABLE = YES;
				IPHONEOS_DEPLOYMENT_TARGET = 18.4;
				LOCALIZATION_PREFERS_STRING_CATALOGS = YES;
				MTL_ENABLE_DEBUG_INFO = INCLUDE_SOURCE;
				MTL_FAST_MATH = YES;
				ONLY_ACTIVE_ARCH = YES;
				SDKROOT = iphoneos;
				SWIFT_ACTIVE_COMPILATION_CONDITIONS = "DEBUG $(inherited)";
				SWIFT_OPTIMIZATION_LEVEL = "-Onone";
			};
			name = Debug;
		};
		3C2233E32E31D57A00F829E6 /* Release */ = {
			isa = XCBuildConfiguration;
			buildSettings = {
				ALWAYS_SEARCH_USER_PATHS = NO;
				ASSETCATALOG_COMPILER_GENERATE_SWIFT_ASSET_SYMBOL_EXTENSIONS = YES;
				CLANG_ANALYZER_NONNULL = YES;
				CLANG_ANALYZER_NUMBER_OBJECT_CONVERSION = YES_AGGRESSIVE;
				CLANG_CXX_LANGUAGE_STANDARD = "gnu++20";
				CLANG_ENABLE_MODULES = YES;
				CLANG_ENABLE_OBJC_ARC = YES;
				CLANG_ENABLE_OBJC_WEAK = YES;
				CLANG_WARN_BLOCK_CAPTURE_AUTORELEASING = YES;
				CLANG_WARN_BOOL_CONVERSION = YES;
				CLANG_WARN_COMMA = YES;
				CLANG_WARN_CONSTANT_CONVERSION = YES;
				CLANG_WARN_DEPRECATED_OBJC_IMPLEMENTATIONS = YES;
				CLANG_WARN_DIRECT_OBJC_ISA_USAGE = YES_ERROR;
				CLANG_WARN_DOCUMENTATION_COMMENTS = YES;
				CLANG_WARN_EMPTY_BODY = YES;
				CLANG_WARN_ENUM_CONVERSION = YES;
				CLANG_WARN_INFINITE_RECURSION = YES;
				CLANG_WARN_INT_CONVERSION = YES;
				CLANG_WARN_NON_LITERAL_NULL_CONVERSION = YES;
				CLANG_WARN_OBJC_IMPLICIT_RETAIN_SELF = YES;
				CLANG_WARN_OBJC_LITERAL_CONVERSION = YES;
				CLANG_WARN_OBJC_ROOT_CLASS = YES_ERROR;
				CLANG_WARN_QUOTED_INCLUDE_IN_FRAMEWORK_HEADER = YES;
				CLANG_WARN_RANGE_LOOP_ANALYSIS = YES;
				CLANG_WARN_STRICT_PROTOTYPES = YES;
				CLANG_WARN_SUSPICIOUS_MOVE = YES;
				CLANG_WARN_UNGUARDED_AVAILABILITY = YES_AGGRESSIVE;
				CLANG_WARN_UNREACHABLE_CODE = YES;
				CLANG_WARN__DUPLICATE_METHOD_MATCH = YES;
				COPY_PHASE_STRIP = NO;
				DEBUG_INFORMATION_FORMAT = "dwarf-with-dsym";
				ENABLE_NS_ASSERTIONS = NO;
				ENABLE_STRICT_OBJC_MSGSEND = YES;
				ENABLE_USER_SCRIPT_SANDBOXING = YES;
				GCC_C_LANGUAGE_STANDARD = gnu17;
				GCC_NO_COMMON_BLOCKS = YES;
				GCC_WARN_64_TO_32_BIT_CONVERSION = YES;
				GCC_WARN_ABOUT_RETURN_TYPE = YES_ERROR;
				GCC_WARN_UNDECLARED_SELECTOR = YES;
				GCC_WARN_UNINITIALIZED_AUTOS = YES_AGGRESSIVE;
				GCC_WARN_UNUSED_FUNCTION = YES;
				GCC_WARN_UNUSED_VARIABLE = YES;
				IPHONEOS_DEPLOYMENT_TARGET = 18.4;
				LOCALIZATION_PREFERS_STRING_CATALOGS = YES;
				MTL_ENABLE_DEBUG_INFO = NO;
				MTL_FAST_MATH = YES;
				SDKROOT = iphoneos;
				SWIFT_COMPILATION_MODE = wholemodule;
				VALIDATE_PRODUCT = YES;
			};
			name = Release;
		};
		3C2233E52E31D57A00F829E6 /* Debug */ = {
			isa = XCBuildConfiguration;
			buildSettings = {
				ASSETCATALOG_COMPILER_APPICON_NAME = AppIcon;
				ASSETCATALOG_COMPILER_GLOBAL_ACCENT_COLOR_NAME = AccentColor;
				CODE_SIGN_IDENTITY = "Apple Development";
				CODE_SIGN_STYLE = Automatic;
				CURRENT_PROJECT_VERSION = 1;
				DEVELOPMENT_TEAM = 823XT5HX2V;
				ENABLE_PREVIEWS = YES;
				GENERATE_INFOPLIST_FILE = YES;
				INFOPLIST_KEY_UIApplicationSceneManifest_Generation = YES;
				INFOPLIST_KEY_UIApplicationSupportsIndirectInputEvents = YES;
				INFOPLIST_KEY_UILaunchScreen_Generation = YES;
				INFOPLIST_KEY_UISupportedInterfaceOrientations_iPad = "UIInterfaceOrientationPortrait UIInterfaceOrientationPortraitUpsideDown UIInterfaceOrientationLandscapeLeft UIInterfaceOrientationLandscapeRight";
				INFOPLIST_KEY_UISupportedInterfaceOrientations_iPhone = "UIInterfaceOrientationPortrait UIInterfaceOrientationLandscapeLeft UIInterfaceOrientationLandscapeRight";
				LD_RUNPATH_SEARCH_PATHS = (
					"$(inherited)",
					"@executable_path/Frameworks",
				);
				MARKETING_VERSION = 1.0;
				PRODUCT_BUNDLE_IDENTIFIER = "Yagya-Niroula.WalletLens-IOS";
				PRODUCT_NAME = "$(TARGET_NAME)";
				PROVISIONING_PROFILE_SPECIFIER = "";
				SWIFT_EMIT_LOC_STRINGS = YES;
				SWIFT_VERSION = 5.0;
				TARGETED_DEVICE_FAMILY = "1,2";
			};
			name = Debug;
		};
		3C2233E62E31D57A00F829E6 /* Release */ = {
			isa = XCBuildConfiguration;
			buildSettings = {
				ASSETCATALOG_COMPILER_APPICON_NAME = AppIcon;
				ASSETCATALOG_COMPILER_GLOBAL_ACCENT_COLOR_NAME = AccentColor;
				CODE_SIGN_ENTITLEMENTS = "WalletLens-IOS/WalletLens-IOSRelease.entitlements";
				CODE_SIGN_IDENTITY = "Apple Development";
				CODE_SIGN_STYLE = Automatic;
				CURRENT_PROJECT_VERSION = 1;
				DEVELOPMENT_TEAM = "";
				ENABLE_PREVIEWS = YES;
				GENERATE_INFOPLIST_FILE = YES;
				INFOPLIST_KEY_UIApplicationSceneManifest_Generation = YES;
				INFOPLIST_KEY_UIApplicationSupportsIndirectInputEvents = YES;
				INFOPLIST_KEY_UILaunchScreen_Generation = YES;
				INFOPLIST_KEY_UISupportedInterfaceOrientations_iPad = "UIInterfaceOrientationPortrait UIInterfaceOrientationPortraitUpsideDown UIInterfaceOrientationLandscapeLeft UIInterfaceOrientationLandscapeRight";
				INFOPLIST_KEY_UISupportedInterfaceOrientations_iPhone = "UIInterfaceOrientationPortrait UIInterfaceOrientationLandscapeLeft UIInterfaceOrientationLandscapeRight";
				LD_RUNPATH_SEARCH_PATHS = (
					"$(inherited)",
					"@executable_path/Frameworks",
				);
				MARKETING_VERSION = 1.0;
				PRODUCT_BUNDLE_IDENTIFIER = "Yagya-Niroula.WalletLens-IOS";
				PRODUCT_NAME = "$(TARGET_NAME)";
				PROVISIONING_PROFILE_SPECIFIER = "";
				SWIFT_EMIT_LOC_STRINGS = YES;
				SWIFT_VERSION = 5.0;
				TARGETED_DEVICE_FAMILY = "1,2";
			};
			name = Release;
		};
		3C2233E82E31D57A00F829E6 /* Debug */ = {
			isa = XCBuildConfiguration;
			buildSettings = {
				BUNDLE_LOADER = "$(TEST_HOST)";
				CODE_SIGN_STYLE = Automatic;
				CURRENT_PROJECT_VERSION = 1;
				GENERATE_INFOPLIST_FILE = YES;
				IPHONEOS_DEPLOYMENT_TARGET = 18.4;
				MARKETING_VERSION = 1.0;
				PRODUCT_BUNDLE_IDENTIFIER = "Yagya-Niroula.WalletLens-IOSTests";
				PRODUCT_NAME = "$(TARGET_NAME)";
				SWIFT_EMIT_LOC_STRINGS = NO;
				SWIFT_VERSION = 5.0;
				TARGETED_DEVICE_FAMILY = "1,2";
				TEST_HOST = "$(BUILT_PRODUCTS_DIR)/WalletLens-IOS.app/$(BUNDLE_EXECUTABLE_FOLDER_PATH)/WalletLens-IOS";
			};
			name = Debug;
		};
		3C2233E92E31D57A00F829E6 /* Release */ = {
			isa = XCBuildConfiguration;
			buildSettings = {
				BUNDLE_LOADER = "$(TEST_HOST)";
				CODE_SIGN_STYLE = Automatic;
				CURRENT_PROJECT_VERSION = 1;
				GENERATE_INFOPLIST_FILE = YES;
				IPHONEOS_DEPLOYMENT_TARGET = 18.4;
				MARKETING_VERSION = 1.0;
				PRODUCT_BUNDLE_IDENTIFIER = "Yagya-Niroula.WalletLens-IOSTests";
				PRODUCT_NAME = "$(TARGET_NAME)";
				SWIFT_EMIT_LOC_STRINGS = NO;
				SWIFT_VERSION = 5.0;
				TARGETED_DEVICE_FAMILY = "1,2";
				TEST_HOST = "$(BUILT_PRODUCTS_DIR)/WalletLens-IOS.app/$(BUNDLE_EXECUTABLE_FOLDER_PATH)/WalletLens-IOS";
			};
			name = Release;
		};
		3C2233EB2E31D57A00F829E6 /* Debug */ = {
			isa = XCBuildConfiguration;
			buildSettings = {
				CODE_SIGN_STYLE = Automatic;
				CURRENT_PROJECT_VERSION = 1;
				GENERATE_INFOPLIST_FILE = YES;
				MARKETING_VERSION = 1.0;
				PRODUCT_BUNDLE_IDENTIFIER = "Yagya-Niroula.WalletLens-IOSUITests";
				PRODUCT_NAME = "$(TARGET_NAME)";
				SWIFT_EMIT_LOC_STRINGS = NO;
				SWIFT_VERSION = 5.0;
				TARGETED_DEVICE_FAMILY = "1,2";
				TEST_TARGET_NAME = "WalletLens-IOS";
			};
			name = Debug;
		};
		3C2233EC2E31D57A00F829E6 /* Release */ = {
			isa = XCBuildConfiguration;
			buildSettings = {
				CODE_SIGN_STYLE = Automatic;
				CURRENT_PROJECT_VERSION = 1;
				GENERATE_INFOPLIST_FILE = YES;
				MARKETING_VERSION = 1.0;
				PRODUCT_BUNDLE_IDENTIFIER = "Yagya-Niroula.WalletLens-IOSUITests";
				PRODUCT_NAME = "$(TARGET_NAME)";
				SWIFT_EMIT_LOC_STRINGS = NO;
				SWIFT_VERSION = 5.0;
				TARGETED_DEVICE_FAMILY = "1,2";
				TEST_TARGET_NAME = "WalletLens-IOS";
			};
			name = Release;
		};
		3C8BAB122E3BE15900E04186 /* Debug */ = {
			isa = XCBuildConfiguration;
			buildSettings = {
				ASSETCATALOG_COMPILER_GLOBAL_ACCENT_COLOR_NAME = AccentColor;
				ASSETCATALOG_COMPILER_WIDGET_BACKGROUND_COLOR_NAME = WidgetBackground;
				CODE_SIGN_IDENTITY = "Apple Development";
				CODE_SIGN_STYLE = Automatic;
				CURRENT_PROJECT_VERSION = 1;
				DEVELOPMENT_TEAM = 823XT5HX2V;
				GENERATE_INFOPLIST_FILE = YES;
				INFOPLIST_FILE = WalletLensWidget/Info.plist;
				INFOPLIST_KEY_CFBundleDisplayName = WalletLensWidget;
				INFOPLIST_KEY_NSHumanReadableCopyright = "";
				LD_RUNPATH_SEARCH_PATHS = (
					"$(inherited)",
					"@executable_path/Frameworks",
					"@executable_path/../../Frameworks",
				);
				MARKETING_VERSION = 1.0;
				PRODUCT_BUNDLE_IDENTIFIER = "Yagya-Niroula.WalletLens-IOS.WalletLensWidget";
				PRODUCT_NAME = "$(TARGET_NAME)";
				SKIP_INSTALL = YES;
				SWIFT_EMIT_LOC_STRINGS = YES;
				SWIFT_VERSION = 5.0;
				TARGETED_DEVICE_FAMILY = "1,2";
			};
			name = Debug;
		};
		3C8BAB132E3BE15900E04186 /* Release */ = {
			isa = XCBuildConfiguration;
			buildSettings = {
				ASSETCATALOG_COMPILER_GLOBAL_ACCENT_COLOR_NAME = AccentColor;
				ASSETCATALOG_COMPILER_WIDGET_BACKGROUND_COLOR_NAME = WidgetBackground;
				CODE_SIGN_IDENTITY = "Apple Development";
				CODE_SIGN_STYLE = Automatic;
				CURRENT_PROJECT_VERSION = 1;
				DEVELOPMENT_TEAM = "";
				GENERATE_INFOPLIST_FILE = YES;
				INFOPLIST_FILE = WalletLensWidget/Info.plist;
				INFOPLIST_KEY_CFBundleDisplayName = WalletLensWidget;
				INFOPLIST_KEY_NSHumanReadableCopyright = "";
				LD_RUNPATH_SEARCH_PATHS = (
					"$(inherited)",
					"@executable_path/Frameworks",
					"@executable_path/../../Frameworks",
				);
				MARKETING_VERSION = 1.0;
				PRODUCT_BUNDLE_IDENTIFIER = "Yagya-Niroula.WalletLens-IOS.WalletLensWidget";
				PRODUCT_NAME = "$(TARGET_NAME)";
				SKIP_INSTALL = YES;
				SWIFT_EMIT_LOC_STRINGS = YES;
				SWIFT_VERSION = 5.0;
				TARGETED_DEVICE_FAMILY = "1,2";
			};
			name = Release;
		};
/* End XCBuildConfiguration section */

/* Begin XCConfigurationList section */
		3C2233BE2E31D57800F829E6 /* Build configuration list for PBXProject "WalletLens-IOS" */ = {
			isa = XCConfigurationList;
			buildConfigurations = (
				3C2233E22E31D57A00F829E6 /* Debug */,
				3C2233E32E31D57A00F829E6 /* Release */,
			);
			defaultConfigurationIsVisible = 0;
			defaultConfigurationName = Release;
		};
		3C2233E42E31D57A00F829E6 /* Build configuration list for PBXNativeTarget "WalletLens-IOS" */ = {
			isa = XCConfigurationList;
			buildConfigurations = (
				3C2233E52E31D57A00F829E6 /* Debug */,
				3C2233E62E31D57A00F829E6 /* Release */,
			);
			defaultConfigurationIsVisible = 0;
			defaultConfigurationName = Release;
		};
		3C2233E72E31D57A00F829E6 /* Build configuration list for PBXNativeTarget "WalletLens-IOSTests" */ = {
			isa = XCConfigurationList;
			buildConfigurations = (
				3C2233E82E31D57A00F829E6 /* Debug */,
				3C2233E92E31D57A00F829E6 /* Release */,
			);
			defaultConfigurationIsVisible = 0;
			defaultConfigurationName = Release;
		};
		3C2233EA2E31D57A00F829E6 /* Build configuration list for PBXNativeTarget "WalletLens-IOSUITests" */ = {
			isa = XCConfigurationList;
			buildConfigurations = (
				3C2233EB2E31D57A00F829E6 /* Debug */,
				3C2233EC2E31D57A00F829E6 /* Release */,
			);
			defaultConfigurationIsVisible = 0;
			defaultConfigurationName = Release;
		};
		3C8BAB152E3BE15900E04186 /* Build configuration list for PBXNativeTarget "WalletLensWidgetExtension" */ = {
			isa = XCConfigurationList;
			buildConfigurations = (
				3C8BAB122E3BE15900E04186 /* Debug */,
				3C8BAB132E3BE15900E04186 /* Release */,
			);
			defaultConfigurationIsVisible = 0;
			defaultConfigurationName = Release;
		};
/* End XCConfigurationList section */
	};
	rootObject = 3C2233BB2E31D57800F829E6 /* Project object */;
}
